// !$*UTF8*$!
{
	archiveVersion = 1;
	classes = {
	};
	objectVersion = 46;
	objects = {

/* Begin PBXBuildFile section */
		504D6C9C1CB5749500AF78D6 /* iris_file.cpp in Sources */ = {isa = PBXBuildFile; fileRef = 504D6C9A1CB5749500AF78D6 /* iris_file.cpp */; };
		50DF7E4C1CB4520000E04255 /* main.cpp in Sources */ = {isa = PBXBuildFile; fileRef = 50DF7E4B1CB4520000E04255 /* main.cpp */; };
		50DF7E531CB458E300E04255 /* data in CopyFiles */ = {isa = PBXBuildFile; fileRef = 50DF7E521CB458C400E04255 /* data */; };
		50DF7E5B1CB4FF3600E04255 /* iris.cpp in Sources */ = {isa = PBXBuildFile; fileRef = 50DF7E591CB4FF3600E04255 /* iris.cpp */; };
/* End PBXBuildFile section */

/* Begin PBXCopyFilesBuildPhase section */
		50DF7E461CB4520000E04255 /* CopyFiles */ = {
			isa = PBXCopyFilesBuildPhase;
			buildActionMask = 12;
			dstPath = "";
			dstSubfolderSpec = 16;
			files = (
				50DF7E531CB458E300E04255 /* data in CopyFiles */,
			);
			runOnlyForDeploymentPostprocessing = 0;
		};
/* End PBXCopyFilesBuildPhase section */

/* Begin PBXFileReference section */
		504D6C9A1CB5749500AF78D6 /* iris_file.cpp */ = {isa = PBXFileReference; fileEncoding = 4; lastKnownFileType = sourcecode.cpp.cpp; path = iris_file.cpp; sourceTree = "<group>"; };
		504D6C9B1CB5749500AF78D6 /* iris_file.hpp */ = {isa = PBXFileReference; fileEncoding = 4; lastKnownFileType = sourcecode.cpp.h; path = iris_file.hpp; sourceTree = "<group>"; };
		504D6C9D1CB5979900AF78D6 /* shift.hpp */ = {isa = PBXFileReference; fileEncoding = 4; lastKnownFileType = sourcecode.cpp.h; path = shift.hpp; sourceTree = "<group>"; };
		50DF7E481CB4520000E04255 /* biometrics-03 */ = {isa = PBXFileReference; explicitFileType = "compiled.mach-o.executable"; includeInIndex = 0; path = "biometrics-03"; sourceTree = BUILT_PRODUCTS_DIR; };
		50DF7E4B1CB4520000E04255 /* main.cpp */ = {isa = PBXFileReference; lastKnownFileType = sourcecode.cpp.cpp; path = main.cpp; sourceTree = "<group>"; };
		50DF7E521CB458C400E04255 /* data */ = {isa = PBXFileReference; lastKnownFileType = folder; name = data; path = "biometrics-3/data"; sourceTree = "<group>"; };
		50DF7E591CB4FF3600E04255 /* iris.cpp */ = {isa = PBXFileReference; fileEncoding = 4; lastKnownFileType = sourcecode.cpp.cpp; path = iris.cpp; sourceTree = "<group>"; };
		50DF7E5A1CB4FF3600E04255 /* iris.hpp */ = {isa = PBXFileReference; fileEncoding = 4; lastKnownFileType = sourcecode.cpp.h; path = iris.hpp; sourceTree = "<group>"; };
/* End PBXFileReference section */

/* Begin PBXFrameworksBuildPhase section */
		50DF7E451CB4520000E04255 /* Frameworks */ = {
			isa = PBXFrameworksBuildPhase;
			buildActionMask = 2147483647;
			files = (
			);
			runOnlyForDeploymentPostprocessing = 0;
		};
/* End PBXFrameworksBuildPhase section */

/* Begin PBXGroup section */
		50DF7E3F1CB4520000E04255 = {
			isa = PBXGroup;
			children = (
				50DF7E521CB458C400E04255 /* data */,
				50DF7E4A1CB4520000E04255 /* biometrics-3 */,
				50DF7E491CB4520000E04255 /* Products */,
			);
			sourceTree = "<group>";
		};
		50DF7E491CB4520000E04255 /* Products */ = {
			isa = PBXGroup;
			children = (
				50DF7E481CB4520000E04255 /* biometrics-03 */,
			);
			name = Products;
			sourceTree = "<group>";
		};
		50DF7E4A1CB4520000E04255 /* biometrics-3 */ = {
			isa = PBXGroup;
			children = (
				50DF7E581CB4FF3600E04255 /* lib */,
				50DF7E4B1CB4520000E04255 /* main.cpp */,
			);
			path = "biometrics-3";
			sourceTree = "<group>";
		};
		50DF7E581CB4FF3600E04255 /* lib */ = {
			isa = PBXGroup;
			children = (
				504D6C9D1CB5979900AF78D6 /* shift.hpp */,
				50DF7E591CB4FF3600E04255 /* iris.cpp */,
				50DF7E5A1CB4FF3600E04255 /* iris.hpp */,
				504D6C9A1CB5749500AF78D6 /* iris_file.cpp */,
				504D6C9B1CB5749500AF78D6 /* iris_file.hpp */,
			);
			path = lib;
			sourceTree = "<group>";
		};
/* End PBXGroup section */

/* Begin PBXNativeTarget section */
		50DF7E471CB4520000E04255 /* biometrics-03 */ = {
			isa = PBXNativeTarget;
			buildConfigurationList = 50DF7E4F1CB4520000E04255 /* Build configuration list for PBXNativeTarget "biometrics-03" */;
			buildPhases = (
				50DF7E441CB4520000E04255 /* Sources */,
				50DF7E451CB4520000E04255 /* Frameworks */,
				50DF7E461CB4520000E04255 /* CopyFiles */,
			);
			buildRules = (
			);
			dependencies = (
			);
			name = "biometrics-03";
			productName = "biometrics-3";
			productReference = 50DF7E481CB4520000E04255 /* biometrics-03 */;
			productType = "com.apple.product-type.tool";
		};
/* End PBXNativeTarget section */

/* Begin PBXProject section */
		50DF7E401CB4520000E04255 /* Project object */ = {
			isa = PBXProject;
			attributes = {
				LastUpgradeCheck = 0720;
				ORGANIZATIONNAME = "Martin Kiesel";
				TargetAttributes = {
					50DF7E471CB4520000E04255 = {
						CreatedOnToolsVersion = 7.2.1;
					};
				};
			};
			buildConfigurationList = 50DF7E431CB4520000E04255 /* Build configuration list for PBXProject "biometrics-03" */;
			compatibilityVersion = "Xcode 3.2";
			developmentRegion = English;
			hasScannedForEncodings = 0;
			knownRegions = (
				en,
			);
			mainGroup = 50DF7E3F1CB4520000E04255;
			productRefGroup = 50DF7E491CB4520000E04255 /* Products */;
			projectDirPath = "";
			projectRoot = "";
			targets = (
				50DF7E471CB4520000E04255 /* biometrics-03 */,
			);
		};
/* End PBXProject section */

/* Begin PBXSourcesBuildPhase section */
		50DF7E441CB4520000E04255 /* Sources */ = {
			isa = PBXSourcesBuildPhase;
			buildActionMask = 2147483647;
			files = (
				50DF7E5B1CB4FF3600E04255 /* iris.cpp in Sources */,
				50DF7E4C1CB4520000E04255 /* main.cpp in Sources */,
				504D6C9C1CB5749500AF78D6 /* iris_file.cpp in Sources */,
			);
			runOnlyForDeploymentPostprocessing = 0;
		};
/* End PBXSourcesBuildPhase section */

/* Begin XCBuildConfiguration section */
		50DF7E4D1CB4520000E04255 /* Debug */ = {
			isa = XCBuildConfiguration;
			buildSettings = {
				ALWAYS_SEARCH_USER_PATHS = NO;
				CLANG_CXX_LANGUAGE_STANDARD = "gnu++0x";
				CLANG_CXX_LIBRARY = "libc++";
				CLANG_ENABLE_MODULES = YES;
				CLANG_ENABLE_OBJC_ARC = YES;
				CLANG_WARN_BOOL_CONVERSION = YES;
				CLANG_WARN_CONSTANT_CONVERSION = YES;
				CLANG_WARN_DIRECT_OBJC_ISA_USAGE = YES_ERROR;
				CLANG_WARN_EMPTY_BODY = YES;
				CLANG_WARN_ENUM_CONVERSION = YES;
				CLANG_WARN_INT_CONVERSION = YES;
				CLANG_WARN_OBJC_ROOT_CLASS = YES_ERROR;
				CLANG_WARN_UNREACHABLE_CODE = YES;
				CLANG_WARN__DUPLICATE_METHOD_MATCH = YES;
				CODE_SIGN_IDENTITY = "-";
				COPY_PHASE_STRIP = NO;
				DEBUG_INFORMATION_FORMAT = dwarf;
				ENABLE_STRICT_OBJC_MSGSEND = YES;
				ENABLE_TESTABILITY = YES;
				GCC_C_LANGUAGE_STANDARD = gnu99;
				GCC_DYNAMIC_NO_PIC = NO;
				GCC_NO_COMMON_BLOCKS = YES;
				GCC_OPTIMIZATION_LEVEL = 0;
				GCC_PREPROCESSOR_DEFINITIONS = (
					"DEBUG=1",
					"$(inherited)",
				);
				GCC_WARN_64_TO_32_BIT_CONVERSION = YES;
				GCC_WARN_ABOUT_RETURN_TYPE = YES_ERROR;
				GCC_WARN_UNDECLARED_SELECTOR = YES;
				GCC_WARN_UNINITIALIZED_AUTOS = YES_AGGRESSIVE;
				GCC_WARN_UNUSED_FUNCTION = YES;
				GCC_WARN_UNUSED_VARIABLE = YES;
				MACOSX_DEPLOYMENT_TARGET = 10.10;
				MTL_ENABLE_DEBUG_INFO = YES;
				ONLY_ACTIVE_ARCH = YES;
				SDKROOT = macosx;
			};
			name = Debug;
		};
		50DF7E4E1CB4520000E04255 /* Release */ = {
			isa = XCBuildConfiguration;
			buildSettings = {
				ALWAYS_SEARCH_USER_PATHS = NO;
				CLANG_CXX_LANGUAGE_STANDARD = "gnu++0x";
				CLANG_CXX_LIBRARY = "libc++";
				CLANG_ENABLE_MODULES = YES;
				CLANG_ENABLE_OBJC_ARC = YES;
				CLANG_WARN_BOOL_CONVERSION = YES;
				CLANG_WARN_CONSTANT_CONVERSION = YES;
				CLANG_WARN_DIRECT_OBJC_ISA_USAGE = YES_ERROR;
				CLANG_WARN_EMPTY_BODY = YES;
				CLANG_WARN_ENUM_CONVERSION = YES;
				CLANG_WARN_INT_CONVERSION = YES;
				CLANG_WARN_OBJC_ROOT_CLASS = YES_ERROR;
				CLANG_WARN_UNREACHABLE_CODE = YES;
				CLANG_WARN__DUPLICATE_METHOD_MATCH = YES;
				CODE_SIGN_IDENTITY = "-";
				COPY_PHASE_STRIP = NO;
				DEBUG_INFORMATION_FORMAT = "dwarf-with-dsym";
				ENABLE_NS_ASSERTIONS = NO;
				ENABLE_STRICT_OBJC_MSGSEND = YES;
				GCC_C_LANGUAGE_STANDARD = gnu99;
				GCC_NO_COMMON_BLOCKS = YES;
				GCC_WARN_64_TO_32_BIT_CONVERSION = YES;
				GCC_WARN_ABOUT_RETURN_TYPE = YES_ERROR;
				GCC_WARN_UNDECLARED_SELECTOR = YES;
				GCC_WARN_UNINITIALIZED_AUTOS = YES_AGGRESSIVE;
				GCC_WARN_UNUSED_FUNCTION = YES;
				GCC_WARN_UNUSED_VARIABLE = YES;
				MACOSX_DEPLOYMENT_TARGET = 10.10;
				MTL_ENABLE_DEBUG_INFO = NO;
				SDKROOT = macosx;
			};
			name = Release;
		};
		50DF7E501CB4520000E04255 /* Debug */ = {
			isa = XCBuildConfiguration;
			buildSettings = {
				HEADER_SEARCH_PATHS = /usr/local/include;
				LIBRARY_SEARCH_PATHS = /usr/local/lib;
				OTHER_LDFLAGS = (
					"-lopencv_core",
					"-lopencv_highgui",
					"-lopencv_imgcodecs",
					"-lopencv_imgproc",
				);
				PRODUCT_NAME = "biometrics-03";
			};
			name = Debug;
		};
		50DF7E511CB4520000E04255 /* Release */ = {
			isa = XCBuildConfiguration;
			buildSettings = {
				HEADER_SEARCH_PATHS = /usr/local/include;
				LIBRARY_SEARCH_PATHS = /usr/local/lib;
				OTHER_LDFLAGS = (
					"-lopencv_core",
					"-lopencv_highgui",
					"-lopencv_imgcodecs",
					"-lopencv_imgproc",
				);
				PRODUCT_NAME = "biometrics-03";
			};
			name = Release;
		};
/* End XCBuildConfiguration section */

/* Begin XCConfigurationList section */
		50DF7E431CB4520000E04255 /* Build configuration list for PBXProject "biometrics-03" */ = {
			isa = XCConfigurationList;
			buildConfigurations = (
				50DF7E4D1CB4520000E04255 /* Debug */,
				50DF7E4E1CB4520000E04255 /* Release */,
			);
			defaultConfigurationIsVisible = 0;
			defaultConfigurationName = Release;
		};
		50DF7E4F1CB4520000E04255 /* Build configuration list for PBXNativeTarget "biometrics-03" */ = {
			isa = XCConfigurationList;
			buildConfigurations = (
				50DF7E501CB4520000E04255 /* Debug */,
				50DF7E511CB4520000E04255 /* Release */,
			);
			defaultConfigurationIsVisible = 0;
			defaultConfigurationName = Release;
		};
/* End XCConfigurationList section */
	};
	rootObject = 50DF7E401CB4520000E04255 /* Project object */;
}
